
Microsoft Visual Studio Solution File, Format Version 12.00
# Visual Studio Version 17
VisualStudioVersion = 17.2.32519.379
MinimumVisualStudioVersion = 10.0.40219.1
Project("{FAE04EC0-301F-11D3-BF4B-00C04F79EFBC}") = "Exercicio_Classificação_Notas_Prova_Escrita_Oral", "Exercicio_Classificação_Notas_Prova_Escrita_Oral\Exercicio_Classificação_Notas_Prova_Escrita_Oral.csproj", "{7A58091F-633C-4027-9519-8742BC78AB97}"
EndProject
Global
	GlobalSection(SolutionConfigurationPlatforms) = preSolution
		Debug|Any CPU = Debug|Any CPU
		Release|Any CPU = Release|Any CPU
	EndGlobalSection
	GlobalSection(ProjectConfigurationPlatforms) = postSolution
		{7A58091F-633C-4027-9519-8742BC78AB97}.Debug|Any CPU.ActiveCfg = Debug|Any CPU
		{7A58091F-633C-4027-9519-8742BC78AB97}.Debug|Any CPU.Build.0 = Debug|Any CPU
		{7A58091F-633C-4027-9519-8742BC78AB97}.Release|Any CPU.ActiveCfg = Release|Any CPU
		{7A58091F-633C-4027-9519-8742BC78AB97}.Release|Any CPU.Build.0 = Release|Any CPU
	EndGlobalSection
	GlobalSection(SolutionProperties) = preSolution
		HideSolutionNode = FALSE
	EndGlobalSection
	GlobalSection(ExtensibilityGlobals) = postSolution
		SolutionGuid = {E3EB98EC-B35F-4366-ABA7-47730F7A5E3D}
	EndGlobalSection
EndGlobal
